{
  "name": "deneme",
  "version": "1.0.0",
  "lockfileVersion": 1,
  "requires": true,
  "dependencies": {
    "os": {
      "version": "0.1.1",
      "resolved": "https://registry.npmjs.org/os/-/os-0.1.1.tgz",
      "integrity": "sha1-IIhF6J4ZOtTZcUdLk5R3NqVtE/M="
    },
    "systeminformation": {
      "version": "5.6.4",
      "resolved": "https://registry.npmjs.org/systeminformation/-/systeminformation-5.6.4.tgz",
      "integrity": "sha512-b2tvW1R+qjNEoAGgh734EGLgqbDMghjsHRaWo36skAC6JM1tw1pitcGz/REt+qSIRSXbE4PKECojhaSrBRrEmw=="
    }
  }
}
